{
    "version": 3,
    "terraform_version": "0.11.5",
    "serial": 6,
    "lineage": "72d79957-6fff-b1cb-21a6-24e851405183",
    "modules": [
        {
            "path": [
                "root"
            ],
            "outputs": {},
            "resources": {
                "aws_db_instance.default": {
                    "type": "aws_db_instance",
                    "depends_on": [],
                    "primary": {
                        "id": "terraform-20180430153339102300000001",
                        "attributes": {
                            "address": "terraform-20180430153339102300000001.c12ravcaqkh9.eu-west-2.rds.amazonaws.com",
                            "allocated_storage": "100",
                            "arn": "arn:aws:rds:eu-west-2:432754858244:db:terraform-20180430153339102300000001",
                            "auto_minor_version_upgrade": "true",
                            "availability_zone": "eu-west-2a",
                            "backup_retention_period": "0",
                            "backup_window": "05:23-05:53",
                            "ca_cert_identifier": "rds-ca-2015",
                            "copy_tags_to_snapshot": "false",
                            "db_subnet_group_name": "default",
                            "endpoint": "terraform-20180430153339102300000001.c12ravcaqkh9.eu-west-2.rds.amazonaws.com:5432",
                            "engine": "postgres",
                            "engine_version": "10.3",
                            "hosted_zone_id": "Z1TTGA775OQIYO",
                            "iam_database_authentication_enabled": "false",
                            "id": "terraform-20180430153339102300000001",
                            "identifier": "terraform-20180430153339102300000001",
                            "instance_class": "db.t2.medium",
                            "iops": "0",
                            "kms_key_id": "",
                            "license_model": "postgresql-license",
                            "maintenance_window": "sun:00:50-sun:01:20",
                            "monitoring_interval": "0",
                            "multi_az": "true",
                            "name": "unifi",
                            "option_group_name": "default:postgres-10",
                            "parameter_group_name": "default.postgres10",
                            "password": "hiA0iJGK96x0Npjk6O4",
                            "port": "5432",
                            "publicly_accessible": "false",
                            "replicas.#": "0",
                            "replicate_source_db": "",
                            "resource_id": "db-TUEJCRAR5FLIKKPLIEOXAKRTYI",
                            "security_group_names.#": "0",
                            "skip_final_snapshot": "false",
                            "status": "available",
                            "storage_encrypted": "false",
                            "storage_type": "gp2",
                            "tags.%": "0",
                            "timezone": "",
                            "username": "unifi",
                            "vpc_security_group_ids.#": "1",
                            "vpc_security_group_ids.3581158754": "sg-2d224745"
                        },
                        "meta": {
                            "e2bfb730-ecaa-11e6-8f88-34363bc7c4c0": {
                                "create": 2400000000000,
                                "delete": 2400000000000,
                                "update": 4800000000000
                            }
                        },
                        "tainted": false
                    },
                    "deposed": [],
                    "provider": "provider.aws"
                },
                "aws_instance.app": {
                    "type": "aws_instance",
                    "depends_on": [
                        "aws_instance.policy-server",
                        "aws_key_pair.auth",
                        "aws_network_interface.nic-app"
                    ],
                    "primary": {
                        "id": "i-08ddae97754467368",
                        "attributes": {
                            "ami": "ami-9ebd5df9",
                            "associate_public_ip_address": "true",
                            "availability_zone": "eu-west-2a",
                            "disable_api_termination": "false",
                            "ebs_block_device.#": "0",
                            "ebs_optimized": "false",
                            "ephemeral_block_device.#": "0",
                            "get_password_data": "false",
                            "iam_instance_profile": "",
                            "id": "i-08ddae97754467368",
                            "instance_state": "running",
                            "instance_type": "m4.large",
                            "ipv6_addresses.#": "0",
                            "key_name": "terraform_deploy",
                            "monitoring": "false",
                            "network_interface.#": "1",
                            "network_interface.227549902.delete_on_termination": "false",
                            "network_interface.227549902.device_index": "0",
                            "network_interface.227549902.network_interface_id": "eni-0d379ae6ba5ca3715",
                            "network_interface_id": "eni-0d379ae6ba5ca3715",
                            "password_data": "",
                            "placement_group": "",
                            "primary_network_interface_id": "eni-0d379ae6ba5ca3715",
                            "private_dns": "ip-10-10-1-11.eu-west-2.compute.internal",
                            "private_ip": "10.10.1.11",
                            "public_dns": "ec2-35-177-37-175.eu-west-2.compute.amazonaws.com",
                            "public_ip": "35.177.37.175",
                            "root_block_device.#": "1",
                            "root_block_device.0.delete_on_termination": "true",
                            "root_block_device.0.iops": "100",
                            "root_block_device.0.volume_id": "vol-09e02a780086ce11c",
                            "root_block_device.0.volume_size": "8",
                            "root_block_device.0.volume_type": "gp2",
                            "security_groups.#": "0",
                            "source_dest_check": "true",
                            "subnet_id": "subnet-0f2974f716639fb37",
                            "tags.%": "1",
                            "tags.Name": "shan-ucl.app.dev.unifi.id",
                            "tenancy": "default",
                            "volume_tags.%": "0",
                            "vpc_security_group_ids.#": "1",
                            "vpc_security_group_ids.292657383": "sg-04d146d61816abf03"
                        },
                        "meta": {
                            "e2bfb730-ecaa-11e6-8f88-34363bc7c4c0": {
                                "create": 600000000000,
                                "delete": 1200000000000,
                                "update": 600000000000
                            },
                            "schema_version": "1"
                        },
                        "tainted": false
                    },
                    "deposed": [],
                    "provider": "provider.aws"
                },
                "aws_instance.policy-server": {
                    "type": "aws_instance",
                    "depends_on": [
                        "aws_key_pair.auth",
                        "aws_network_interface.nic-policy-server"
                    ],
                    "primary": {
                        "id": "i-0c8534f7119f83b39",
                        "attributes": {
                            "ami": "ami-9ebd5df9",
                            "associate_public_ip_address": "true",
                            "availability_zone": "eu-west-2a",
                            "disable_api_termination": "false",
                            "ebs_block_device.#": "0",
                            "ebs_optimized": "false",
                            "ephemeral_block_device.#": "0",
                            "get_password_data": "false",
                            "iam_instance_profile": "",
                            "id": "i-0c8534f7119f83b39",
                            "instance_state": "running",
                            "instance_type": "t2.small",
                            "ipv6_addresses.#": "0",
                            "key_name": "terraform_deploy",
                            "monitoring": "false",
                            "network_interface.#": "1",
                            "network_interface.384582475.delete_on_termination": "false",
                            "network_interface.384582475.device_index": "0",
                            "network_interface.384582475.network_interface_id": "eni-0c6c47a3f13e2678e",
                            "network_interface_id": "eni-0c6c47a3f13e2678e",
                            "password_data": "",
                            "placement_group": "",
                            "primary_network_interface_id": "eni-0c6c47a3f13e2678e",
                            "private_dns": "ip-10-10-1-10.eu-west-2.compute.internal",
                            "private_ip": "10.10.1.10",
                            "public_dns": "ec2-35-176-15-116.eu-west-2.compute.amazonaws.com",
                            "public_ip": "35.176.15.116",
                            "root_block_device.#": "1",
                            "root_block_device.0.delete_on_termination": "true",
                            "root_block_device.0.iops": "100",
                            "root_block_device.0.volume_id": "vol-07b852cb5591e9301",
                            "root_block_device.0.volume_size": "8",
                            "root_block_device.0.volume_type": "gp2",
                            "security_groups.#": "0",
                            "source_dest_check": "true",
                            "subnet_id": "subnet-0f2974f716639fb37",
                            "tags.%": "1",
                            "tags.Name": "shan-ucl.policy-server.dev.unifi.id",
                            "tenancy": "default",
                            "volume_tags.%": "0",
                            "vpc_security_group_ids.#": "1",
                            "vpc_security_group_ids.292657383": "sg-04d146d61816abf03"
                        },
                        "meta": {
                            "e2bfb730-ecaa-11e6-8f88-34363bc7c4c0": {
                                "create": 600000000000,
                                "delete": 1200000000000,
                                "update": 600000000000
                            },
                            "schema_version": "1"
                        },
                        "tainted": false
                    },
                    "deposed": [],
                    "provider": "provider.aws"
                },
                "aws_internet_gateway.default": {
                    "type": "aws_internet_gateway",
                    "depends_on": [
                        "aws_vpc.default"
                    ],
                    "primary": {
                        "id": "igw-016d9cc1bc40726bb",
                        "attributes": {
                            "id": "igw-016d9cc1bc40726bb",
                            "tags.%": "0",
                            "vpc_id": "vpc-0ee9da318e2f44062"
                        },
                        "meta": {},
                        "tainted": false
                    },
                    "deposed": [],
                    "provider": "provider.aws"
                },
                "aws_key_pair.auth": {
                    "type": "aws_key_pair",
                    "depends_on": [],
                    "primary": {
                        "id": "terraform_deploy",
                        "attributes": {
                            "fingerprint": "34:51:3c:c9:1c:9e:d2:d7:e7:78:b0:e9:87:e9:e5:c1",
                            "id": "terraform_deploy",
                            "key_name": "terraform_deploy",
                            "public_key": "ssh-rsa AAAAB3NzaC1yc2EAAAADAQABAAABAQCq+deF2mvvsDXh5ERkSWtshxs6hZJ4feAHV1hjBTZCMXKebigahXrSiRykgglpAf+5RWKW1Bum7ISDslBxnBLnFR26kt6fHezw7aSG+L00sa9P4CUVYUtcy+m8kyEnN5yYPnk8azbvAloeBPr1D4G6u0NCT1UdneE9C8jtmgzA8BexPupazIse89Faobxns9THkMtTrFjLfI7cbn6W4sAyX6maGq0n5QIZ0b+LltyheMmuOLofR6jnj+E31LGlmm3CO97owo0KPVV2KEHVCAvbdcmai6tflpjfiqYrSQp0Mb9mW2HS8EOfxXG+smgM9Sjf9rI2+lWPwNCnRCE18e3r shannoncarver@Lon-Quid-ML-56-WLAN.carvham.lan"
                        },
                        "meta": {
                            "schema_version": "1"
                        },
                        "tainted": false
                    },
                    "deposed": [],
                    "provider": "provider.aws"
                },
                "aws_network_interface.nic-app": {
                    "type": "aws_network_interface",
                    "depends_on": [
                        "aws_security_group.terraform_default",
                        "aws_subnet.default"
                    ],
                    "primary": {
                        "id": "eni-0d379ae6ba5ca3715",
                        "attributes": {
                            "attachment.#": "1",
                            "attachment.3820794390.attachment_id": "eni-attach-06538a407acfcf4ac",
                            "attachment.3820794390.device_index": "0",
                            "attachment.3820794390.instance": "i-0e6770d927ff24565",
                            "description": "",
                            "id": "eni-0d379ae6ba5ca3715",
                            "private_dns_name": "ip-10-10-1-11.eu-west-2.compute.internal",
                            "private_ip": "10.10.1.11",
                            "private_ips.#": "1",
                            "private_ips.1060043342": "10.10.1.11",
                            "security_groups.#": "1",
                            "security_groups.292657383": "sg-04d146d61816abf03",
                            "source_dest_check": "true",
                            "subnet_id": "subnet-0f2974f716639fb37",
                            "tags.%": "1",
                            "tags.Name": "primary_network_interface"
                        },
                        "meta": {},
                        "tainted": false
                    },
                    "deposed": [],
                    "provider": "provider.aws"
                },
                "aws_network_interface.nic-policy-server": {
                    "type": "aws_network_interface",
                    "depends_on": [
                        "aws_security_group.terraform_default",
                        "aws_subnet.default"
                    ],
                    "primary": {
                        "id": "eni-0c6c47a3f13e2678e",
                        "attributes": {
                            "attachment.#": "1",
                            "attachment.3864671493.attachment_id": "eni-attach-00146bb7c6441aa33",
                            "attachment.3864671493.device_index": "0",
                            "attachment.3864671493.instance": "i-0c8534f7119f83b39",
                            "description": "",
                            "id": "eni-0c6c47a3f13e2678e",
                            "private_dns_name": "ip-10-10-1-10.eu-west-2.compute.internal",
                            "private_ip": "10.10.1.10",
                            "private_ips.#": "1",
                            "private_ips.1210698456": "10.10.1.10",
                            "security_groups.#": "1",
                            "security_groups.292657383": "sg-04d146d61816abf03",
                            "source_dest_check": "true",
                            "subnet_id": "subnet-0f2974f716639fb37",
                            "tags.%": "1",
                            "tags.Name": "primary_network_interface"
                        },
                        "meta": {},
                        "tainted": false
                    },
                    "deposed": [],
                    "provider": "provider.aws"
                },
                "aws_route.internet_access": {
                    "type": "aws_route",
                    "depends_on": [
                        "aws_internet_gateway.default",
                        "aws_vpc.default"
                    ],
                    "primary": {
                        "id": "r-rtb-018f34d8e5d59013f1080289494",
                        "attributes": {
                            "destination_cidr_block": "0.0.0.0/0",
                            "destination_prefix_list_id": "",
                            "egress_only_gateway_id": "",
                            "gateway_id": "igw-016d9cc1bc40726bb",
                            "id": "r-rtb-018f34d8e5d59013f1080289494",
                            "instance_id": "",
                            "instance_owner_id": "",
                            "nat_gateway_id": "",
                            "network_interface_id": "",
                            "origin": "CreateRoute",
                            "route_table_id": "rtb-018f34d8e5d59013f",
                            "state": "active",
                            "vpc_peering_connection_id": ""
                        },
                        "meta": {
                            "e2bfb730-ecaa-11e6-8f88-34363bc7c4c0": {
                                "create": 120000000000,
                                "delete": 300000000000
                            }
                        },
                        "tainted": false
                    },
                    "deposed": [],
                    "provider": "provider.aws"
                },
                "aws_security_group.terraform_default": {
                    "type": "aws_security_group",
                    "depends_on": [
                        "aws_vpc.default"
                    ],
                    "primary": {
                        "id": "sg-04d146d61816abf03",
                        "attributes": {
                            "arn": "arn:aws:ec2:eu-west-2:432754858244:security-group/sg-04d146d61816abf03",
                            "description": "Used in the terraform",
                            "egress.#": "1",
                            "egress.482069346.cidr_blocks.#": "1",
                            "egress.482069346.cidr_blocks.0": "0.0.0.0/0",
                            "egress.482069346.description": "",
                            "egress.482069346.from_port": "0",
                            "egress.482069346.ipv6_cidr_blocks.#": "0",
                            "egress.482069346.prefix_list_ids.#": "0",
                            "egress.482069346.protocol": "-1",
                            "egress.482069346.security_groups.#": "0",
                            "egress.482069346.self": "false",
                            "egress.482069346.to_port": "0",
                            "id": "sg-04d146d61816abf03",
                            "ingress.#": "2",
                            "ingress.259288046.cidr_blocks.#": "1",
                            "ingress.259288046.cidr_blocks.0": "111.220.76.134/32",
                            "ingress.259288046.description": "",
                            "ingress.259288046.from_port": "22",
                            "ingress.259288046.ipv6_cidr_blocks.#": "0",
                            "ingress.259288046.protocol": "tcp",
                            "ingress.259288046.security_groups.#": "0",
                            "ingress.259288046.self": "false",
                            "ingress.259288046.to_port": "22",
                            "ingress.3423469288.cidr_blocks.#": "1",
                            "ingress.3423469288.cidr_blocks.0": "10.10.1.0/24",
                            "ingress.3423469288.description": "",
                            "ingress.3423469288.from_port": "0",
                            "ingress.3423469288.ipv6_cidr_blocks.#": "0",
                            "ingress.3423469288.protocol": "-1",
                            "ingress.3423469288.security_groups.#": "0",
                            "ingress.3423469288.self": "false",
                            "ingress.3423469288.to_port": "0",
                            "name": "terraform_default",
                            "owner_id": "432754858244",
                            "revoke_rules_on_delete": "false",
                            "tags.%": "0",
                            "vpc_id": "vpc-0ee9da318e2f44062"
                        },
                        "meta": {
                            "e2bfb730-ecaa-11e6-8f88-34363bc7c4c0": {
                                "create": 600000000000,
                                "delete": 600000000000
                            },
                            "schema_version": "1"
                        },
                        "tainted": false
                    },
                    "deposed": [],
                    "provider": "provider.aws"
                },
                "aws_subnet.default": {
                    "type": "aws_subnet",
                    "depends_on": [
                        "aws_vpc.default"
                    ],
                    "primary": {
                        "id": "subnet-0f2974f716639fb37",
                        "attributes": {
                            "assign_ipv6_address_on_creation": "false",
                            "availability_zone": "eu-west-2a",
                            "cidr_block": "10.10.1.0/24",
                            "id": "subnet-0f2974f716639fb37",
                            "map_public_ip_on_launch": "true",
                            "tags.%": "0",
                            "vpc_id": "vpc-0ee9da318e2f44062"
                        },
                        "meta": {
                            "schema_version": "1"
                        },
                        "tainted": false
                    },
                    "deposed": [],
                    "provider": "provider.aws"
                },
                "aws_vpc.default": {
                    "type": "aws_vpc",
                    "depends_on": [],
                    "primary": {
                        "id": "vpc-0ee9da318e2f44062",
                        "attributes": {
                            "assign_generated_ipv6_cidr_block": "false",
                            "cidr_block": "10.10.0.0/21",
                            "default_network_acl_id": "acl-022082abb4fb07253",
                            "default_route_table_id": "rtb-018f34d8e5d59013f",
                            "default_security_group_id": "sg-0b91dc7e5da653211",
                            "dhcp_options_id": "dopt-1f2a3776",
                            "enable_dns_hostnames": "true",
                            "enable_dns_support": "true",
                            "id": "vpc-0ee9da318e2f44062",
                            "instance_tenancy": "default",
                            "main_route_table_id": "rtb-018f34d8e5d59013f",
                            "tags.%": "1",
                            "tags.Name": "terraform-aws-vpc"
                        },
                        "meta": {
                            "schema_version": "1"
                        },
                        "tainted": false
                    },
                    "deposed": [],
                    "provider": "provider.aws"
                }
            },
            "depends_on": []
        }
    ]
}
